
Microsoft Visual Studio Solution File, Format Version 12.00
# Visual Studio Version 17
VisualStudioVersion = 17.2.32616.157
MinimumVisualStudioVersion = 10.0.40219.1
Project("{9A19103F-16F7-4668-BE54-9A1E7A4F7556}") = "cfr_backend", "cfr_backend.csproj", "{93CE26F4-EE25-4FF2-AC66-AE3F0AF9815C}"
	ProjectSection(ProjectDependencies) = postProject
		{B09F72C5-546B-497E-8240-1E5BCE1FC7B8} = {B09F72C5-546B-497E-8240-1E5BCE1FC7B8}
	EndProjectSection
EndProject
Project("{FAE04EC0-301F-11D3-BF4B-00C04F79EFBC}") = "CFRDal", "..\CFRDal\CFRDal.csproj", "{B09F72C5-546B-497E-8240-1E5BCE1FC7B8}"
EndProject
Global
	GlobalSection(SolutionConfigurationPlatforms) = preSolution
		Debug|Any CPU = Debug|Any CPU
		Release|Any CPU = Release|Any CPU
	EndGlobalSection
	GlobalSection(ProjectConfigurationPlatforms) = postSolution
		{93CE26F4-EE25-4FF2-AC66-AE3F0AF9815C}.Debug|Any CPU.ActiveCfg = Debug|Any CPU
		{93CE26F4-EE25-4FF2-AC66-AE3F0AF9815C}.Debug|Any CPU.Build.0 = Debug|Any CPU
		{93CE26F4-EE25-4FF2-AC66-AE3F0AF9815C}.Release|Any CPU.ActiveCfg = Release|Any CPU
		{93CE26F4-EE25-4FF2-AC66-AE3F0AF9815C}.Release|Any CPU.Build.0 = Release|Any CPU
		{B09F72C5-546B-497E-8240-1E5BCE1FC7B8}.Debug|Any CPU.ActiveCfg = Debug|Any CPU
		{B09F72C5-546B-497E-8240-1E5BCE1FC7B8}.Debug|Any CPU.Build.0 = Debug|Any CPU
		{B09F72C5-546B-497E-8240-1E5BCE1FC7B8}.Release|Any CPU.ActiveCfg = Release|Any CPU
		{B09F72C5-546B-497E-8240-1E5BCE1FC7B8}.Release|Any CPU.Build.0 = Release|Any CPU
	EndGlobalSection
	GlobalSection(SolutionProperties) = preSolution
		HideSolutionNode = FALSE
	EndGlobalSection
	GlobalSection(ExtensibilityGlobals) = postSolution
		SolutionGuid = {46A902E6-5F55-463E-A12E-C260F7B049A8}
	EndGlobalSection
EndGlobal
